
Microsoft Visual Studio Solution File, Format Version 12.00
# Visual Studio Version 17
VisualStudioVersion = 17.10.35027.167
MinimumVisualStudioVersion = 10.0.40219.1
Project("{FAE04EC0-301F-11D3-BF4B-00C04F79EFBC}") = "LPR381-Project", "LPR381-Project\LPR381-Project.csproj", "{2699666F-6626-4B5E-A593-DE6564859196}"
EndProject
Global
	GlobalSection(SolutionConfigurationPlatforms) = preSolution
		Debug|Any CPU = Debug|Any CPU
		Release|Any CPU = Release|Any CPU
	EndGlobalSection
	GlobalSection(ProjectConfigurationPlatforms) = postSolution
		{2699666F-6626-4B5E-A593-DE6564859196}.Debug|Any CPU.ActiveCfg = Debug|Any CPU
		{2699666F-6626-4B5E-A593-DE6564859196}.Debug|Any CPU.Build.0 = Debug|Any CPU
		{2699666F-6626-4B5E-A593-DE6564859196}.Release|Any CPU.ActiveCfg = Release|Any CPU
		{2699666F-6626-4B5E-A593-DE6564859196}.Release|Any CPU.Build.0 = Release|Any CPU
	EndGlobalSection
	GlobalSection(SolutionProperties) = preSolution
		HideSolutionNode = FALSE
	EndGlobalSection
	GlobalSection(ExtensibilityGlobals) = postSolution
		SolutionGuid = {D2258685-2959-4630-9BA7-43D1698EB83D}
	EndGlobalSection
EndGlobal
